
Microsoft Visual Studio Solution File, Format Version 12.00
# Visual Studio Version 17
VisualStudioVersion = 17.0.31903.59
MinimumVisualStudioVersion = 10.0.40219.1
Project("{2150E333-8FDC-42A3-9474-1A3956D46DE8}") = "src", "src", "{A2A700E2-55A5-47EE-9A52-82D5EC6017AD}"
EndProject
Project("{FAE04EC0-301F-11D3-BF4B-00C04F79EFBC}") = "ScreenRecorder", "src\ScreenRecorder\ScreenRecorder.csproj", "{BF354D9B-FEA2-4441-AC83-60819ACE9452}"
EndProject
Project("{FAE04EC0-301F-11D3-BF4B-00C04F79EFBC}") = "ScreenRecorder.Tests", "src\ScreenRecorder.Tests\ScreenRecorder.Tests.csproj", "{3BEEF4A2-F259-46D3-B846-506131671796}"
EndProject
Project("{FAE04EC0-301F-11D3-BF4B-00C04F79EFBC}") = "ScreenRecorder.Smoke", "src\ScreenRecorder.Smoke\ScreenRecorder.Smoke.csproj", "{B6888276-A763-4950-9E83-E6938392273D}"
EndProject
Global
	GlobalSection(SolutionConfigurationPlatforms) = preSolution
		Debug|Any CPU = Debug|Any CPU
		Release|Any CPU = Release|Any CPU
	EndGlobalSection
	GlobalSection(SolutionProperties) = preSolution
		HideSolutionNode = FALSE
	EndGlobalSection
	GlobalSection(ProjectConfigurationPlatforms) = postSolution
		{BF354D9B-FEA2-4441-AC83-60819ACE9452}.Debug|Any CPU.ActiveCfg = Debug|Any CPU
		{BF354D9B-FEA2-4441-AC83-60819ACE9452}.Debug|Any CPU.Build.0 = Debug|Any CPU
		{BF354D9B-FEA2-4441-AC83-60819ACE9452}.Release|Any CPU.ActiveCfg = Release|Any CPU
		{BF354D9B-FEA2-4441-AC83-60819ACE9452}.Release|Any CPU.Build.0 = Release|Any CPU
		{3BEEF4A2-F259-46D3-B846-506131671796}.Debug|Any CPU.ActiveCfg = Debug|Any CPU
		{3BEEF4A2-F259-46D3-B846-506131671796}.Debug|Any CPU.Build.0 = Debug|Any CPU
		{3BEEF4A2-F259-46D3-B846-506131671796}.Release|Any CPU.ActiveCfg = Release|Any CPU
		{3BEEF4A2-F259-46D3-B846-506131671796}.Release|Any CPU.Build.0 = Release|Any CPU
		{B6888276-A763-4950-9E83-E6938392273D}.Debug|Any CPU.ActiveCfg = Debug|Any CPU
		{B6888276-A763-4950-9E83-E6938392273D}.Debug|Any CPU.Build.0 = Debug|Any CPU
		{B6888276-A763-4950-9E83-E6938392273D}.Release|Any CPU.ActiveCfg = Release|Any CPU
		{B6888276-A763-4950-9E83-E6938392273D}.Release|Any CPU.Build.0 = Release|Any CPU
	EndGlobalSection
	GlobalSection(NestedProjects) = preSolution
		{BF354D9B-FEA2-4441-AC83-60819ACE9452} = {A2A700E2-55A5-47EE-9A52-82D5EC6017AD}
		{3BEEF4A2-F259-46D3-B846-506131671796} = {A2A700E2-55A5-47EE-9A52-82D5EC6017AD}
		{B6888276-A763-4950-9E83-E6938392273D} = {A2A700E2-55A5-47EE-9A52-82D5EC6017AD}
	EndGlobalSection
EndGlobal
